
Microsoft Visual Studio Solution File, Format Version 12.00
# Visual Studio 15
VisualStudioVersion = 15.0.27703.2035
MinimumVisualStudioVersion = 10.0.40219.1
Project("{FAE04EC0-301F-11D3-BF4B-00C04F79EFBC}") = "FormRecognizer", "FormRecognizer.csproj", "{9A48A4F9-E504-4DAA-B7CB-25623E9EB16A}"
EndProject
Global
	GlobalSection(SolutionConfigurationPlatforms) = preSolution
		Debug|Any CPU = Debug|Any CPU
		Release|Any CPU = Release|Any CPU
	EndGlobalSection
	GlobalSection(ProjectConfigurationPlatforms) = postSolution
		{9A48A4F9-E504-4DAA-B7CB-25623E9EB16A}.Debug|Any CPU.ActiveCfg = Debug|Any CPU
		{9A48A4F9-E504-4DAA-B7CB-25623E9EB16A}.Debug|Any CPU.Build.0 = Debug|Any CPU
		{9A48A4F9-E504-4DAA-B7CB-25623E9EB16A}.Release|Any CPU.ActiveCfg = Release|Any CPU
		{9A48A4F9-E504-4DAA-B7CB-25623E9EB16A}.Release|Any CPU.Build.0 = Release|Any CPU
	EndGlobalSection
	GlobalSection(SolutionProperties) = preSolution
		HideSolutionNode = FALSE
	EndGlobalSection
	GlobalSection(ExtensibilityGlobals) = postSolution
		SolutionGuid = {A20C50F9-8818-4C1F-B83D-A3B2179B45FC}
	EndGlobalSection
EndGlobal
