
Microsoft Visual Studio Solution File, Format Version 12.00
# Visual Studio Version 16
VisualStudioVersion = 16.0.30320.27
MinimumVisualStudioVersion = 10.0.40219.1
Project("{FAE04EC0-301F-11D3-BF4B-00C04F79EFBC}") = "LUIS_SDK_3x", "LUIS_SDK_3x\LUIS_SDK_3x.csproj", "{AD515104-99FB-42EE-A06F-BE3AC73715E9}"
EndProject
Global
	GlobalSection(SolutionConfigurationPlatforms) = preSolution
		Debug|Any CPU = Debug|Any CPU
		Release|Any CPU = Release|Any CPU
	EndGlobalSection
	GlobalSection(ProjectConfigurationPlatforms) = postSolution
		{AD515104-99FB-42EE-A06F-BE3AC73715E9}.Debug|Any CPU.ActiveCfg = Debug|Any CPU
		{AD515104-99FB-42EE-A06F-BE3AC73715E9}.Debug|Any CPU.Build.0 = Debug|Any CPU
		{AD515104-99FB-42EE-A06F-BE3AC73715E9}.Release|Any CPU.ActiveCfg = Release|Any CPU
		{AD515104-99FB-42EE-A06F-BE3AC73715E9}.Release|Any CPU.Build.0 = Release|Any CPU
	EndGlobalSection
	GlobalSection(SolutionProperties) = preSolution
		HideSolutionNode = FALSE
	EndGlobalSection
	GlobalSection(ExtensibilityGlobals) = postSolution
		SolutionGuid = {D93FBEEE-755C-4A74-96DC-1DA09D6D6486}
	EndGlobalSection
EndGlobal
