{
  "name": "computervision",
  "version": "1.0.0",
  "lockfileVersion": 1,
  "requires": true,
  "dependencies": {
    "@azure/cognitiveservices-computervision": {
      "version": "7.0.1",
      "resolved": "https://msazure.pkgs.visualstudio.com/_packaging/API-OCR/npm/registry/@azure/cognitiveservices-computervision/-/cognitiveservices-computervision-7.0.1.tgz",
      "integrity": "sha1-7aXF3YVYzH0U4+pis8SrnvmK9Sw=",
      "requires": {
        "@azure/ms-rest-js": "^2.0.4",
        "tslib": "^1.10.0"
      }
    },
    "@azure/ms-rest-js": {
      "version": "2.0.8",
      "resolved": "https://msazure.pkgs.visualstudio.com/_packaging/API-OCR/npm/registry/@azure/ms-rest-js/-/ms-rest-js-2.0.8.tgz",
      "integrity": "sha1-+EME+6KeaZ/Ho5HOR68oJK9PWF4=",
      "requires": {
        "@types/node-fetch": "^2.3.7",
        "@types/tunnel": "0.0.1",
        "abort-controller": "^3.0.0",
        "form-data": "^2.5.0",
        "node-fetch": "^2.6.0",
        "tough-cookie": "^3.0.1",
        "tslib": "^1.10.0",
        "tunnel": "0.0.6",
        "uuid": "^3.3.2",
        "xml2js": "^0.4.19"
      }
    },
    "@types/node": {
      "version": "14.0.27",
      "resolved": "https://msazure.pkgs.visualstudio.com/_packaging/API-OCR/npm/registry/@types/node/-/node-14.0.27.tgz",
      "integrity": "sha1-oVGHOvWl6FG1GzsGXJ5jOQqeDrE="
    },
    "@types/node-fetch": {
      "version": "2.5.7",
      "resolved": "https://msazure.pkgs.visualstudio.com/_packaging/API-OCR/npm/registry/@types/node-fetch/-/node-fetch-2.5.7.tgz",
      "integrity": "sha1-IKKv/6iCqwTUTKeGRJonb59rvzw=",
      "requires": {
        "@types/node": "*",
        "form-data": "^3.0.0"
      },
      "dependencies": {
        "form-data": {
          "version": "3.0.0",
          "resolved": "https://msazure.pkgs.visualstudio.com/_packaging/API-OCR/npm/registry/form-data/-/form-data-3.0.0.tgz",
          "integrity": "sha1-MbfjnIXxNVtxOe4MZHzw3n+DxoI=",
          "requires": {
            "asynckit": "^0.4.0",
            "combined-stream": "^1.0.8",
            "mime-types": "^2.1.12"
          }
        }
      }
    },
    "@types/tunnel": {
      "version": "0.0.1",
      "resolved": "https://msazure.pkgs.visualstudio.com/_packaging/API-OCR/npm/registry/@types/tunnel/-/tunnel-0.0.1.tgz",
      "integrity": "sha1-DXJ3R2i3PfJvJd+RhCc6QtpysZw=",
      "requires": {
        "@types/node": "*"
      }
    },
    "abort-controller": {
      "version": "3.0.0",
      "resolved": "https://msazure.pkgs.visualstudio.com/_packaging/API-OCR/npm/registry/abort-controller/-/abort-controller-3.0.0.tgz",
      "integrity": "sha1-6vVNU7YrrkE46AnKIlyEOabvs5I=",
      "requires": {
        "event-target-shim": "^5.0.0"
      }
    },
    "async": {
      "version": "3.2.0",
      "resolved": "https://msazure.pkgs.visualstudio.com/_packaging/API-OCR/npm/registry/async/-/async-3.2.0.tgz",
      "integrity": "sha1-s6JoXF67ZB094C0WEALGD8n4VyA="
    },
    "asynckit": {
      "version": "0.4.0",
      "resolved": "https://msazure.pkgs.visualstudio.com/_packaging/API-OCR/npm/registry/asynckit/-/asynckit-0.4.0.tgz",
      "integrity": "sha1-x57Zf380y48robyXkLzDZkdLS3k="
    },
    "combined-stream": {
      "version": "1.0.8",
      "resolved": "https://msazure.pkgs.visualstudio.com/_packaging/API-OCR/npm/registry/combined-stream/-/combined-stream-1.0.8.tgz",
      "integrity": "sha1-w9RaizT9cwYxoRCoolIGgrMdWn8=",
      "requires": {
        "delayed-stream": "~1.0.0"
      }
    },
    "delayed-stream": {
      "version": "1.0.0",
      "resolved": "https://msazure.pkgs.visualstudio.com/_packaging/API-OCR/npm/registry/delayed-stream/-/delayed-stream-1.0.0.tgz",
      "integrity": "sha1-3zrhmayt+31ECqrgsp4icrJOxhk="
    },
    "event-target-shim": {
      "version": "5.0.1",
      "resolved": "https://msazure.pkgs.visualstudio.com/_packaging/API-OCR/npm/registry/event-target-shim/-/event-target-shim-5.0.1.tgz",
      "integrity": "sha1-XU0+vflYPWOlMzzi3rdICrKwV4k="
    },
    "form-data": {
      "version": "2.5.1",
      "resolved": "https://msazure.pkgs.visualstudio.com/_packaging/API-OCR/npm/registry/form-data/-/form-data-2.5.1.tgz",
      "integrity": "sha1-8svsV7XlniNxbhKP5E1OXdI4lfQ=",
      "requires": {
        "asynckit": "^0.4.0",
        "combined-stream": "^1.0.6",
        "mime-types": "^2.1.12"
      }
    },
    "ip-regex": {
      "version": "2.1.0",
      "resolved": "https://msazure.pkgs.visualstudio.com/_packaging/API-OCR/npm/registry/ip-regex/-/ip-regex-2.1.0.tgz",
      "integrity": "sha1-+ni/XS5pE8kRzp+BnuUUa7bYROk="
    },
    "mime-db": {
      "version": "1.44.0",
      "resolved": "https://msazure.pkgs.visualstudio.com/_packaging/API-OCR/npm/registry/mime-db/-/mime-db-1.44.0.tgz",
      "integrity": "sha1-+hHF6wrKEzS0Izy01S8QxaYnL5I="
    },
    "mime-types": {
      "version": "2.1.27",
      "resolved": "https://msazure.pkgs.visualstudio.com/_packaging/API-OCR/npm/registry/mime-types/-/mime-types-2.1.27.tgz",
      "integrity": "sha1-R5SfmOJ56lMRn1ci4PNOUpvsAJ8=",
      "requires": {
        "mime-db": "1.44.0"
      }
    },
    "node-fetch": {
      "version": "2.6.0",
      "resolved": "https://msazure.pkgs.visualstudio.com/_packaging/API-OCR/npm/registry/node-fetch/-/node-fetch-2.6.0.tgz",
      "integrity": "sha1-5jNFY4bUqlWGP2dqerDaqP3ssP0="
    },
    "psl": {
      "version": "1.8.0",
      "resolved": "https://msazure.pkgs.visualstudio.com/_packaging/API-OCR/npm/registry/psl/-/psl-1.8.0.tgz",
      "integrity": "sha1-kyb4vPsBOtzABf3/BWrM4CDlHCQ="
    },
    "punycode": {
      "version": "2.1.1",
      "resolved": "https://msazure.pkgs.visualstudio.com/_packaging/API-OCR/npm/registry/punycode/-/punycode-2.1.1.tgz",
      "integrity": "sha1-tYsBCsQMIsVldhbI0sLALHv0eew="
    },
    "sax": {
      "version": "1.2.4",
      "resolved": "https://msazure.pkgs.visualstudio.com/_packaging/API-OCR/npm/registry/sax/-/sax-1.2.4.tgz",
      "integrity": "sha1-KBYjTiN4vdxOU1T6tcqold9xANk="
    },
    "tough-cookie": {
      "version": "3.0.1",
      "resolved": "https://msazure.pkgs.visualstudio.com/_packaging/API-OCR/npm/registry/tough-cookie/-/tough-cookie-3.0.1.tgz",
      "integrity": "sha1-nfT1fnOcJpMKAYGEiH9K233Kc7I=",
      "requires": {
        "ip-regex": "^2.1.0",
        "psl": "^1.1.28",
        "punycode": "^2.1.1"
      }
    },
    "tslib": {
      "version": "1.13.0",
      "resolved": "https://msazure.pkgs.visualstudio.com/_packaging/API-OCR/npm/registry/tslib/-/tslib-1.13.0.tgz",
      "integrity": "sha1-yIHhPMcBWJTtkUhi0nZDb6mkcEM="
    },
    "tunnel": {
      "version": "0.0.6",
      "resolved": "https://msazure.pkgs.visualstudio.com/_packaging/API-OCR/npm/registry/tunnel/-/tunnel-0.0.6.tgz",
      "integrity": "sha1-cvExSzSlsZLbASMk3yzFh8pH+Sw="
    },
    "uuid": {
      "version": "3.4.0",
      "resolved": "https://msazure.pkgs.visualstudio.com/_packaging/API-OCR/npm/registry/uuid/-/uuid-3.4.0.tgz",
      "integrity": "sha1-sj5DWK+oogL+ehAK8fX4g/AgB+4="
    },
    "xml2js": {
      "version": "0.4.23",
      "resolved": "https://msazure.pkgs.visualstudio.com/_packaging/API-OCR/npm/registry/xml2js/-/xml2js-0.4.23.tgz",
      "integrity": "sha1-oMaVFnUkIesqx1juTUzPWIQ+rGY=",
      "requires": {
        "sax": ">=0.6.0",
        "xmlbuilder": "~11.0.0"
      }
    },
    "xmlbuilder": {
      "version": "11.0.1",
      "resolved": "https://msazure.pkgs.visualstudio.com/_packaging/API-OCR/npm/registry/xmlbuilder/-/xmlbuilder-11.0.1.tgz",
      "integrity": "sha1-vpuuHIoEbnazESdyY0fQrXACvrM="
    }
  }
}
